<Solution>
  <Folder Name="/Lab1/">
    <Project Path="Lab1/NumberBaseLibs/Lab1.NumberBaseLibs.csproj" />
    <Project Path="Lab1/UI/Lab1.UI.csproj" />
  </Folder>
  <Folder Name="/Lab2/">
    <Project Path="Lab2/CalculateLibs/Lab2.CalculateLibs.csproj" />
    <Project Path="Lab2/UI/Lab2.UI.csproj" />
  </Folder>
  <Folder Name="/Lab3/">
    <Project Path="Lab3/BookStoreLibrary/Lab3.BookStoreLibrary.csproj" />
  </Folder>
</Solution>